
Microsoft Visual Studio Solution File, Format Version 12.00
# Visual Studio Version 17
VisualStudioVersion = 17.4.33103.184
MinimumVisualStudioVersion = 10.0.40219.1
Project("{FAE04EC0-301F-11D3-BF4B-00C04F79EFBC}") = "PPRS", "PPRS.csproj", "{EE69D7EC-C3E8-487E-AAFE-88364CF7BB0F}"
EndProject
Global
	GlobalSection(SolutionConfigurationPlatforms) = preSolution
		Debug|Any CPU = Debug|Any CPU
		Release|Any CPU = Release|Any CPU
	EndGlobalSection
	GlobalSection(ProjectConfigurationPlatforms) = postSolution
		{EE69D7EC-C3E8-487E-AAFE-88364CF7BB0F}.Debug|Any CPU.ActiveCfg = Debug|Any CPU
		{EE69D7EC-C3E8-487E-AAFE-88364CF7BB0F}.Debug|Any CPU.Build.0 = Debug|Any CPU
		{EE69D7EC-C3E8-487E-AAFE-88364CF7BB0F}.Release|Any CPU.ActiveCfg = Release|Any CPU
		{EE69D7EC-C3E8-487E-AAFE-88364CF7BB0F}.Release|Any CPU.Build.0 = Release|Any CPU
	EndGlobalSection
	GlobalSection(SolutionProperties) = preSolution
		HideSolutionNode = FALSE
	EndGlobalSection
	GlobalSection(ExtensibilityGlobals) = postSolution
		SolutionGuid = {84F72B82-6C7C-4345-9586-1F00FBA44388}
	EndGlobalSection
EndGlobal
